
Microsoft Visual Studio Solution File, Format Version 12.00
# Visual Studio Version 17
VisualStudioVersion = 17.4.33205.214
MinimumVisualStudioVersion = 10.0.40219.1
Project("{9A19103F-16F7-4668-BE54-9A1E7A4F7556}") = "Sample.FinanceSystem", "Sample.FinanceSystem\Sample.FinanceSystem.csproj", "{9138E1ED-3A60-4B6C-8252-B2779A61E3C6}"
EndProject
Project("{9A19103F-16F7-4668-BE54-9A1E7A4F7556}") = "Sample.FinanceSystem.Domain", "Sample.FinanceSystem.Domain\Sample.FinanceSystem.Domain.csproj", "{4504DE0E-1052-4282-BCDF-0434759ACFAA}"
EndProject
Project("{9A19103F-16F7-4668-BE54-9A1E7A4F7556}") = "Sample.FinanceSystem.Data", "Sample.FinanceSystem.Data\Sample.FinanceSystem.Data.csproj", "{F5693ECD-529F-4E9B-AF0E-411A9C8AB005}"
EndProject
Project("{9A19103F-16F7-4668-BE54-9A1E7A4F7556}") = "Sample.FinanceSystem.Domain.Tests", "Sample.FinanceSystem.Domain.Tests\Sample.FinanceSystem.Domain.Tests.csproj", "{8EBFB209-AC5A-44A3-B541-7DFDC27211EE}"
EndProject
Project("{9A19103F-16F7-4668-BE54-9A1E7A4F7556}") = "Sample.FinanceSystem.Domain.WhatsWrong", "Sample.FinanceSystem.Domain.WhatsWrong\Sample.FinanceSystem.Domain.WhatsWrong.csproj", "{32B64972-2E09-4750-936B-240FDBCE58F8}"
EndProject
Project("{FAE04EC0-301F-11D3-BF4B-00C04F79EFBC}") = "Sample.FinanceSystem.Api.Models", "Sample.FinanceSystem.Api.Models\Sample.FinanceSystem.Api.Models.csproj", "{2E5C2433-5318-495C-A247-1F1CCD110D6A}"
EndProject
Global
	GlobalSection(SolutionConfigurationPlatforms) = preSolution
		Debug|Any CPU = Debug|Any CPU
		Release|Any CPU = Release|Any CPU
	EndGlobalSection
	GlobalSection(ProjectConfigurationPlatforms) = postSolution
		{9138E1ED-3A60-4B6C-8252-B2779A61E3C6}.Debug|Any CPU.ActiveCfg = Debug|Any CPU
		{9138E1ED-3A60-4B6C-8252-B2779A61E3C6}.Debug|Any CPU.Build.0 = Debug|Any CPU
		{9138E1ED-3A60-4B6C-8252-B2779A61E3C6}.Release|Any CPU.ActiveCfg = Release|Any CPU
		{9138E1ED-3A60-4B6C-8252-B2779A61E3C6}.Release|Any CPU.Build.0 = Release|Any CPU
		{4504DE0E-1052-4282-BCDF-0434759ACFAA}.Debug|Any CPU.ActiveCfg = Debug|Any CPU
		{4504DE0E-1052-4282-BCDF-0434759ACFAA}.Debug|Any CPU.Build.0 = Debug|Any CPU
		{4504DE0E-1052-4282-BCDF-0434759ACFAA}.Release|Any CPU.ActiveCfg = Release|Any CPU
		{4504DE0E-1052-4282-BCDF-0434759ACFAA}.Release|Any CPU.Build.0 = Release|Any CPU
		{F5693ECD-529F-4E9B-AF0E-411A9C8AB005}.Debug|Any CPU.ActiveCfg = Debug|Any CPU
		{F5693ECD-529F-4E9B-AF0E-411A9C8AB005}.Debug|Any CPU.Build.0 = Debug|Any CPU
		{F5693ECD-529F-4E9B-AF0E-411A9C8AB005}.Release|Any CPU.ActiveCfg = Release|Any CPU
		{F5693ECD-529F-4E9B-AF0E-411A9C8AB005}.Release|Any CPU.Build.0 = Release|Any CPU
		{8EBFB209-AC5A-44A3-B541-7DFDC27211EE}.Debug|Any CPU.ActiveCfg = Debug|Any CPU
		{8EBFB209-AC5A-44A3-B541-7DFDC27211EE}.Debug|Any CPU.Build.0 = Debug|Any CPU
		{8EBFB209-AC5A-44A3-B541-7DFDC27211EE}.Release|Any CPU.ActiveCfg = Release|Any CPU
		{8EBFB209-AC5A-44A3-B541-7DFDC27211EE}.Release|Any CPU.Build.0 = Release|Any CPU
		{32B64972-2E09-4750-936B-240FDBCE58F8}.Debug|Any CPU.ActiveCfg = Debug|Any CPU
		{32B64972-2E09-4750-936B-240FDBCE58F8}.Debug|Any CPU.Build.0 = Debug|Any CPU
		{32B64972-2E09-4750-936B-240FDBCE58F8}.Release|Any CPU.ActiveCfg = Release|Any CPU
		{32B64972-2E09-4750-936B-240FDBCE58F8}.Release|Any CPU.Build.0 = Release|Any CPU
		{2E5C2433-5318-495C-A247-1F1CCD110D6A}.Debug|Any CPU.ActiveCfg = Debug|Any CPU
		{2E5C2433-5318-495C-A247-1F1CCD110D6A}.Debug|Any CPU.Build.0 = Debug|Any CPU
		{2E5C2433-5318-495C-A247-1F1CCD110D6A}.Release|Any CPU.ActiveCfg = Release|Any CPU
		{2E5C2433-5318-495C-A247-1F1CCD110D6A}.Release|Any CPU.Build.0 = Release|Any CPU
	EndGlobalSection
	GlobalSection(SolutionProperties) = preSolution
		HideSolutionNode = FALSE
	EndGlobalSection
	GlobalSection(ExtensibilityGlobals) = postSolution
		SolutionGuid = {968A5E98-563F-4B51-8882-D42FFD1390A4}
	EndGlobalSection
EndGlobal
